
Microsoft Visual Studio Solution File, Format Version 12.00
# Visual Studio Version 16
VisualStudioVersion = 16.0.31829.152
MinimumVisualStudioVersion = 10.0.40219.1
Project("{FAE04EC0-301F-11D3-BF4B-00C04F79EFBC}") = "BlazorServerCourse", "BlazorServerCourse\BlazorServerCourse.csproj", "{48A5FABD-0FC2-4AFF-B710-169E4BD40FCC}"
EndProject
Global
	GlobalSection(SolutionConfigurationPlatforms) = preSolution
		Debug|Any CPU = Debug|Any CPU
		Release|Any CPU = Release|Any CPU
	EndGlobalSection
	GlobalSection(ProjectConfigurationPlatforms) = postSolution
		{48A5FABD-0FC2-4AFF-B710-169E4BD40FCC}.Debug|Any CPU.ActiveCfg = Debug|Any CPU
		{48A5FABD-0FC2-4AFF-B710-169E4BD40FCC}.Debug|Any CPU.Build.0 = Debug|Any CPU
		{48A5FABD-0FC2-4AFF-B710-169E4BD40FCC}.Release|Any CPU.ActiveCfg = Release|Any CPU
		{48A5FABD-0FC2-4AFF-B710-169E4BD40FCC}.Release|Any CPU.Build.0 = Release|Any CPU
	EndGlobalSection
	GlobalSection(SolutionProperties) = preSolution
		HideSolutionNode = FALSE
	EndGlobalSection
	GlobalSection(ExtensibilityGlobals) = postSolution
		SolutionGuid = {6448F7AD-B8F2-472F-8543-1BC2A9F4DCF9}
	EndGlobalSection
EndGlobal
